
Microsoft Visual Studio Solution File, Format Version 11.00
# Visual Studio 2010
Project("{2150E333-8FDC-42A3-9474-1A3956D46DE8}") = "Bin", "Bin", "{7FB15CBE-8B86-49AE-8EBA-DA999EAC1C88}"
	ProjectSection(SolutionItems) = preProject
		Bin\Castle.Core.dll = Bin\Castle.Core.dll
		Bin\Castle.DynamicProxy2.dll = Bin\Castle.DynamicProxy2.dll
		Bin\Castle.MicroKernel.dll = Bin\Castle.MicroKernel.dll
		Bin\Castle.Windsor.dll = Bin\Castle.Windsor.dll
		Bin\Common.Logging.dll = Bin\Common.Logging.dll
		Bin\Elmah.dll = Bin\Elmah.dll
		Bin\HibernatingRhinos.NHibernate.Profiler.Appender.dll = Bin\HibernatingRhinos.NHibernate.Profiler.Appender.dll
		Bin\Iesi.Collections.dll = Bin\Iesi.Collections.dll
		Bin\log4net.dll = Bin\log4net.dll
		Bin\Microsoft.Practices.ServiceLocation.dll = Bin\Microsoft.Practices.ServiceLocation.dll
		Bin\Microsoft.Web.Mvc.dll = Bin\Microsoft.Web.Mvc.dll
		Bin\MvcContrib.Castle.dll = Bin\MvcContrib.Castle.dll
		Bin\MvcContrib.dll = Bin\MvcContrib.dll
		Bin\MvcContrib.FluentHtml.dll = Bin\MvcContrib.FluentHtml.dll
		Bin\MvcContrib.TestHelper.dll = Bin\MvcContrib.TestHelper.dll
		Bin\Newtonsoft.Json.dll = Bin\Newtonsoft.Json.dll
		Bin\NHibernate.ByteCode.Spring.dll = Bin\NHibernate.ByteCode.Spring.dll
		Bin\NHibernate.dll = Bin\NHibernate.dll
		Bin\NHibernate.Linq.dll = Bin\NHibernate.Linq.dll
		Bin\NHibernate.Validator.dll = Bin\NHibernate.Validator.dll
		Bin\Rhino.Mocks.dll = Bin\Rhino.Mocks.dll
		Bin\Spring.Aop.dll = Bin\Spring.Aop.dll
		Bin\Spring.Core.dll = Bin\Spring.Core.dll
		Bin\System.Data.SQLite.DLL = Bin\System.Data.SQLite.DLL
		Bin\Telerik.Web.Mvc.dll = Bin\Telerik.Web.Mvc.dll
		Bin\UCDArch.Core.dll = Bin\UCDArch.Core.dll
		Bin\UCDArch.Core.NHibernateValidator.dll = Bin\UCDArch.Core.NHibernateValidator.dll
		Bin\UCDArch.Data.dll = Bin\UCDArch.Data.dll
		Bin\UCDArch.Testing.dll = Bin\UCDArch.Testing.dll
		Bin\UCDArch.Web.dll = Bin\UCDArch.Web.dll
		Bin\UCDArch.Web.Providers.dll = Bin\UCDArch.Web.Providers.dll
		Bin\xVal.dll = Bin\xVal.dll
	EndProjectSection
EndProject
Project("{FAE04EC0-301F-11D3-BF4B-00C04F79EFBC}") = "UCDArchTemplates", "UCDArchTemplates\UCDArchTemplates.csproj", "{FB5B607D-08A7-435F-BC8C-05EC76D34DD6}"
EndProject
Project("{FAE04EC0-301F-11D3-BF4B-00C04F79EFBC}") = "UCDArchTemplates.Test", "UCDArchTemplates.Test\UCDArchTemplates.Test.csproj", "{1775053E-D290-4591-8399-EDB363B754C6}"
EndProject
Global
	GlobalSection(SolutionConfigurationPlatforms) = preSolution
		Debug|Any CPU = Debug|Any CPU
		Release|Any CPU = Release|Any CPU
	EndGlobalSection
	GlobalSection(ProjectConfigurationPlatforms) = postSolution
		{FB5B607D-08A7-435F-BC8C-05EC76D34DD6}.Debug|Any CPU.ActiveCfg = Debug|Any CPU
		{FB5B607D-08A7-435F-BC8C-05EC76D34DD6}.Debug|Any CPU.Build.0 = Debug|Any CPU
		{FB5B607D-08A7-435F-BC8C-05EC76D34DD6}.Release|Any CPU.ActiveCfg = Release|Any CPU
		{FB5B607D-08A7-435F-BC8C-05EC76D34DD6}.Release|Any CPU.Build.0 = Release|Any CPU
		{1775053E-D290-4591-8399-EDB363B754C6}.Debug|Any CPU.ActiveCfg = Debug|Any CPU
		{1775053E-D290-4591-8399-EDB363B754C6}.Debug|Any CPU.Build.0 = Debug|Any CPU
		{1775053E-D290-4591-8399-EDB363B754C6}.Release|Any CPU.ActiveCfg = Release|Any CPU
		{1775053E-D290-4591-8399-EDB363B754C6}.Release|Any CPU.Build.0 = Release|Any CPU
	EndGlobalSection
	GlobalSection(SolutionProperties) = preSolution
		HideSolutionNode = FALSE
	EndGlobalSection
EndGlobal
